// !$*UTF8*$!
{
    archiveVersion = 1;
    classes = {};
    objectVersion = 46;
    rootObject = __RootObject_;
    objects = {
        __RootObject_ = {
            isa = PBXProject;
            attributes = {LastUpgradeCheck = 9999;};
            buildConfigurationList = ___RootConfs_;
            compatibilityVersion = 'Xcode 3.2';
            developmentRegion = English;
            hasScannedForEncodings = 0;
            knownRegions = (en);
            mainGroup = ___RootGroup_;
            productRefGroup = ____Products_;
            projectDirPath = '';
            projectRoot = '';
            targets = (______Target_Pantry);
        };
        '__PBXFileRef_Package.swift' = {
            isa = PBXFileReference;
            lastKnownFileType = sourcecode.swift;
            name = 'Package.swift';
            path = 'Package.swift';
            sourceTree = '<group>';
        };
        ___RootGroup_ = {
            isa = PBXGroup;
            children = ('__PBXFileRef_Package.swift', _____Configs_, _____Sources_, Dependencies_, _______Tests_, ____Products_);
            sourceTree = '<group>';
        };
        __PBXFileRef_Pantry_Info.plist = {
            isa = PBXFileReference;
            lastKnownFileType = text.plist.xml;
            name = 'Pantry_Info.plist';
            path = 'Pantry.xcodeproj/Pantry_Info.plist';
            sourceTree = SOURCE_ROOT;
        };
        _______Group_Pantry = {
            isa = PBXGroup;
            name = Pantry;
            path = 'Sources';
            sourceTree = '<group>';
            children = ('__PBXFileRef_Sources/JSONWarehouse.swift', '__PBXFileRef_Sources/MemoryWarehouse.swift', '__PBXFileRef_Sources/Mirror+Serialization.swift', '__PBXFileRef_Sources/Pantry.swift', '__PBXFileRef_Sources/Storable.swift', '__PBXFileRef_Sources/Warehousable.swift', '__PBXFileRef_Sources/WarehouseCacheable.swift', __PBXFileRef_Pantry_Info.plist);
        };
        '__PBXFileRef_Sources/JSONWarehouse.swift' = {
            isa = PBXFileReference;
            lastKnownFileType = sourcecode.swift;
            name = 'JSONWarehouse.swift';
            sourceTree = '<group>';
        };
        '__PBXFileRef_Sources/MemoryWarehouse.swift' = {
            isa = PBXFileReference;
            lastKnownFileType = sourcecode.swift;
            name = 'MemoryWarehouse.swift';
            sourceTree = '<group>';
        };
        '__PBXFileRef_Sources/Mirror+Serialization.swift' = {
            isa = PBXFileReference;
            lastKnownFileType = sourcecode.swift;
            name = 'Mirror+Serialization.swift';
            sourceTree = '<group>';
        };
        '__PBXFileRef_Sources/Pantry.swift' = {
            isa = PBXFileReference;
            lastKnownFileType = sourcecode.swift;
            name = 'Pantry.swift';
            sourceTree = '<group>';
        };
        '__PBXFileRef_Sources/Storable.swift' = {
            isa = PBXFileReference;
            lastKnownFileType = sourcecode.swift;
            name = 'Storable.swift';
            sourceTree = '<group>';
        };
        '__PBXFileRef_Sources/Warehousable.swift' = {
            isa = PBXFileReference;
            lastKnownFileType = sourcecode.swift;
            name = 'Warehousable.swift';
            sourceTree = '<group>';
        };
        '__PBXFileRef_Sources/WarehouseCacheable.swift' = {
            isa = PBXFileReference;
            lastKnownFileType = sourcecode.swift;
            name = 'WarehouseCacheable.swift';
            sourceTree = '<group>';
        };
        ______Target_Pantry = {
            isa = PBXNativeTarget;
            buildConfigurationList = _______Confs_Pantry;
            buildPhases = (CompilePhase_Pantry, ___LinkPhase_Pantry);
            buildRules = ();
            dependencies = ();
            name = Pantry;
            productName = Pantry;
            productReference = _____Product_Pantry;
            productType = 'com.apple.product-type.framework';
        };
        _____Product_Pantry = {
            isa = PBXFileReference;
            explicitFileType = 'wrapper.framework';
            path = 'Pantry.framework';
            sourceTree = BUILT_PRODUCTS_DIR;
        };
        CompilePhase_Pantry = {
            isa = PBXSourcesBuildPhase;
            files = ('__src_cc_ref_Sources/JSONWarehouse.swift', '__src_cc_ref_Sources/MemoryWarehouse.swift', '__src_cc_ref_Sources/Mirror+Serialization.swift', '__src_cc_ref_Sources/Pantry.swift', '__src_cc_ref_Sources/Storable.swift', '__src_cc_ref_Sources/Warehousable.swift', '__src_cc_ref_Sources/WarehouseCacheable.swift');
            runOnlyForDeploymentPostprocessing = 0;
        };
        '__src_cc_ref_Sources/JSONWarehouse.swift' = {
            isa = PBXBuildFile;
            fileRef = '__PBXFileRef_Sources/JSONWarehouse.swift';
        };
        '__src_cc_ref_Sources/MemoryWarehouse.swift' = {
            isa = PBXBuildFile;
            fileRef = '__PBXFileRef_Sources/MemoryWarehouse.swift';
        };
        '__src_cc_ref_Sources/Mirror+Serialization.swift' = {
            isa = PBXBuildFile;
            fileRef = '__PBXFileRef_Sources/Mirror+Serialization.swift';
        };
        '__src_cc_ref_Sources/Pantry.swift' = {
            isa = PBXBuildFile;
            fileRef = '__PBXFileRef_Sources/Pantry.swift';
        };
        '__src_cc_ref_Sources/Storable.swift' = {
            isa = PBXBuildFile;
            fileRef = '__PBXFileRef_Sources/Storable.swift';
        };
        '__src_cc_ref_Sources/Warehousable.swift' = {
            isa = PBXBuildFile;
            fileRef = '__PBXFileRef_Sources/Warehousable.swift';
        };
        '__src_cc_ref_Sources/WarehouseCacheable.swift' = {
            isa = PBXBuildFile;
            fileRef = '__PBXFileRef_Sources/WarehouseCacheable.swift';
        };
        ___LinkPhase_Pantry = {
            isa = PBXFrameworksBuildPhase;
            files = ();
            runOnlyForDeploymentPostprocessing = 0;
        };
        _______Confs_Pantry = {
            isa = XCConfigurationList;
            buildConfigurations = (___DebugConf_Pantry, _ReleaseConf_Pantry);
            defaultConfigurationIsVisible = 0;
            defaultConfigurationName = Debug;
        };
        ___DebugConf_Pantry = {
            isa = XCBuildConfiguration;
            buildSettings = { LD_RUNPATH_SEARCH_PATHS = '$(TOOLCHAIN_DIR)/usr/lib/swift/macosx'; PRODUCT_MODULE_NAME = '$(TARGET_NAME:c99extidentifier)'; ENABLE_TESTABILITY = 'YES'; OTHER_SWIFT_FLAGS = '$(inherited)'; INFOPLIST_FILE = 'Pantry.xcodeproj/Pantry_Info.plist'; FRAMEWORK_SEARCH_PATHS = '$(PLATFORM_DIR)/Developer/Library/Frameworks'; SWIFT_OPTIMIZATION_LEVEL = '-Onone'; OTHER_LDFLAGS = '$(inherited)'; PRODUCT_NAME = '$(TARGET_NAME:c99extidentifier)'; };
            name = Debug;
        };
        _ReleaseConf_Pantry = {
            isa = XCBuildConfiguration;
            buildSettings = { LD_RUNPATH_SEARCH_PATHS = '$(TOOLCHAIN_DIR)/usr/lib/swift/macosx'; PRODUCT_MODULE_NAME = '$(TARGET_NAME:c99extidentifier)'; ENABLE_TESTABILITY = 'YES'; OTHER_SWIFT_FLAGS = '$(inherited)'; INFOPLIST_FILE = 'Pantry.xcodeproj/Pantry_Info.plist'; FRAMEWORK_SEARCH_PATHS = '$(PLATFORM_DIR)/Developer/Library/Frameworks'; OTHER_LDFLAGS = '$(inherited)'; PRODUCT_NAME = '$(TARGET_NAME:c99extidentifier)'; };
            name = Release;
        };
        __Dependency_Pantry = {
            isa = PBXTargetDependency;
            target = ______Target_Pantry;
        };
        '__PBXFileRef_Pantry.xcodeproj/Configs/Project.xcconfig' = {
            isa = PBXFileReference;
            lastKnownFileType = text.xcconfig;
            name = 'Project.xcconfig';
            path = 'Pantry.xcodeproj/Configs/Project.xcconfig';
            sourceTree = '<group>';
        };
        _____Configs_ = {
            isa = PBXGroup;
            children = ('__PBXFileRef_Pantry.xcodeproj/Configs/Project.xcconfig');
            name = Configs;
            sourceTree = '<group>';
        };
        _____Sources_ = {
            isa = PBXGroup;
            children = (_______Group_Pantry);
            name = Sources;
            sourceTree = '<group>';
        };
        ____Products_ = {
            isa = PBXGroup;
            children = (_____Product_Pantry);
            name = Products;
            sourceTree = '<group>';
        };
        _______Debug_ = {
            isa = XCBuildConfiguration;
            baseConfigurationReference = '__PBXFileRef_Pantry.xcodeproj/Configs/Project.xcconfig';
            buildSettings = {};
            name = Debug;
        };
        _____Release_ = {
            isa = XCBuildConfiguration;
            baseConfigurationReference = '__PBXFileRef_Pantry.xcodeproj/Configs/Project.xcconfig';
            buildSettings = {};
            name = Release;
        };
        ___RootConfs_ = {
            isa = XCConfigurationList;
            buildConfigurations = (_______Debug_, _____Release_);
            defaultConfigurationIsVisible = 0;
            defaultConfigurationName = Debug;
        };
    };
}
